
Microsoft Visual Studio Solution File, Format Version 12.00
# Visual Studio 15
VisualStudioVersion = 15.0.26430.16
MinimumVisualStudioVersion = 10.0.40219.1
Project("{FAE04EC0-301F-11D3-BF4B-00C04F79EFBC}") = "JazMax.BusinessLogic", "JazMax.BusinessLogic\JazMax.BusinessLogic.csproj", "{95D501FC-6E06-4A01-9887-94EA243B86DC}"
EndProject
Project("{FAE04EC0-301F-11D3-BF4B-00C04F79EFBC}") = "JazMax.Web.CRM", "JazMax.Web\JazMax.Web.CRM.csproj", "{35CE0A7C-F975-4EEE-97D5-0F65932AB86E}"
EndProject
Project("{FAE04EC0-301F-11D3-BF4B-00C04F79EFBC}") = "JazMax.Web.ViewModel", "JazMax.Web.ViewModel\JazMax.Web.ViewModel.csproj", "{EBC8EB41-67F0-43CC-9760-15039CA7D307}"
EndProject
Project("{2150E333-8FDC-42A3-9474-1A3956D46DE8}") = "AzureWebJobs", "AzureWebJobs", "{9796A00E-CCD7-408C-9382-3AED861568CB}"
EndProject
Project("{2150E333-8FDC-42A3-9474-1A3956D46DE8}") = "JazMaxWebsites", "JazMaxWebsites", "{CE3B07A8-C079-4C3F-95F3-4D5B5093E253}"
EndProject
Project("{2150E333-8FDC-42A3-9474-1A3956D46DE8}") = "JazMaxData", "JazMaxData", "{3BA96378-704F-4612-8C72-36857CB12027}"
EndProject
Project("{2150E333-8FDC-42A3-9474-1A3956D46DE8}") = "JazMaxBusiness", "JazMaxBusiness", "{1DC10499-C8EA-4C39-8427-0EAEE4155DCF}"
EndProject
Project("{FAE04EC0-301F-11D3-BF4B-00C04F79EFBC}") = "JazMax.WebJob.Messenger", "JazMax.WebJob.Messenger\JazMax.WebJob.Messenger.csproj", "{0977E2F0-63C0-42F0-A88F-9A3FF7875E93}"
EndProject
Project("{FAE04EC0-301F-11D3-BF4B-00C04F79EFBC}") = "JazMax.Web.PropertyWebsite", "JazMax.Web.PropertyWebsite\JazMax.Web.PropertyWebsite.csproj", "{D2619F73-7496-418D-9CC7-80607B45F2EA}"
EndProject
Project("{FAE04EC0-301F-11D3-BF4B-00C04F79EFBC}") = "JazMax.Core.SystemHelpers", "JazMax.Core.SystemHelpers\JazMax.Core.SystemHelpers.csproj", "{82FA27CF-5676-4490-B12E-025DBE4603E8}"
EndProject
Project("{FAE04EC0-301F-11D3-BF4B-00C04F79EFBC}") = "JazMax.AzureDataAccess", "JazMax.AzureDataAccess\JazMax.AzureDataAccess.csproj", "{635A8B45-A7AD-47F7-9518-AB35F0C85D90}"
EndProject
Project("{FAE04EC0-301F-11D3-BF4B-00C04F79EFBC}") = "JazMax.DataAccess", "JazMax.DataAccess\JazMax.DataAccess.csproj", "{629737F1-F624-4835-9794-0727B8C4DC96}"
EndProject
Project("{FAE04EC0-301F-11D3-BF4B-00C04F79EFBC}") = "JazMax.WebJob.MoveLeads", "JazMax.WebJob.MoveLeads\JazMax.WebJob.MoveLeads.csproj", "{58E8F80B-4EF2-42D0-8742-5F9A28BA1636}"
EndProject
Project("{FAE04EC0-301F-11D3-BF4B-00C04F79EFBC}") = "JazMax.WebJob.LeadReminder", "JazMax.WebJob.LeadReminder\JazMax.WebJob.LeadReminder.csproj", "{BD8AD510-1F40-4857-BB4C-88A1BAF32105}"
EndProject
Project("{2150E333-8FDC-42A3-9474-1A3956D46DE8}") = "JazMax.Leads", "JazMax.Leads", "{D2F292EF-2D7F-42E1-8832-55AEE9F9212E}"
EndProject
Project("{2150E333-8FDC-42A3-9474-1A3956D46DE8}") = "Messenger", "Messenger", "{320FF094-5D0F-4C04-B8E4-22BBA311AB30}"
EndProject
Project("{FAE04EC0-301F-11D3-BF4B-00C04F79EFBC}") = "JazMax.WebJob.LeadCore", "JazMax.WebJob.LeadCore\JazMax.WebJob.LeadCore.csproj", "{56839273-AA2E-43C4-88D3-3FFFBD4D21B4}"
EndProject
Project("{2150E333-8FDC-42A3-9474-1A3956D46DE8}") = "JazMaxWinServices", "JazMaxWinServices", "{FCB91F1E-A973-434F-8A5E-75444500FD37}"
EndProject
Project("{FAE04EC0-301F-11D3-BF4B-00C04F79EFBC}") = "JazMax.Win.Messenger", "JazMax.Win.Messenger\JazMax.Win.Messenger.csproj", "{38742AB7-3266-42A8-8CEB-18464A43ED27}"
EndProject
Project("{2150E333-8FDC-42A3-9474-1A3956D46DE8}") = "MessengerWinService", "MessengerWinService", "{901A1289-C707-465C-8999-64752598C36F}"
EndProject
Project("{FAE04EC0-301F-11D3-BF4B-00C04F79EFBC}") = "JazMax.Test.Messenger", "JazMax.Test.Messenger\JazMax.Test.Messenger.csproj", "{AE520EB6-D2CD-4503-8438-1629A720E8EB}"
EndProject
Project("{FAE04EC0-301F-11D3-BF4B-00C04F79EFBC}") = "JazMax.Core.Blob", "JazMax.Core.Blob\JazMax.Core.Blob.csproj", "{0672CE51-2F3B-4B48-916A-E4B10EDF202D}"
EndProject
Project("{FAE04EC0-301F-11D3-BF4B-00C04F79EFBC}") = "JazMax.API.Leads", "JazMax.API.Leads\JazMax.API.Leads.csproj", "{6020801F-0FBA-494C-B9B8-87B6613C61EB}"
EndProject
Project("{2150E333-8FDC-42A3-9474-1A3956D46DE8}") = "WebAPI", "WebAPI", "{5DE6E644-883C-425E-AC6F-1C019A8D3F51}"
EndProject
Project("{FAE04EC0-301F-11D3-BF4B-00C04F79EFBC}") = "JazMax.API.Property", "JazMax.API.Property\JazMax.API.Property.csproj", "{2B79F681-691B-4834-A614-BEFD6A8548E9}"
EndProject
Project("{FAE04EC0-301F-11D3-BF4B-00C04F79EFBC}") = "JazMax.Common", "JazMax.Common\JazMax.Common.csproj", "{FE4D7BD5-3CF8-4B41-AD27-AE7500110AFC}"
EndProject
Project("{FAE04EC0-301F-11D3-BF4B-00C04F79EFBC}") = "JazMax.Core.Property", "JazMax.Core.Property\JazMax.Core.Property.csproj", "{574405BB-BF3A-432D-AEEE-F27890EDFE29}"
EndProject
Project("{2150E333-8FDC-42A3-9474-1A3956D46DE8}") = "UserAccounts", "UserAccounts", "{2D6D667D-E636-4539-B9EE-4787A32F8936}"
EndProject
Project("{FAE04EC0-301F-11D3-BF4B-00C04F79EFBC}") = "JazMax.WebJob.MoveBranchRequest", "JazMax.WebJob.MoveBranchRequest\JazMax.WebJob.MoveBranchRequest.csproj", "{5CFEC0C8-ADD2-4D5A-B405-B19884659834}"
EndProject
Project("{FAE04EC0-301F-11D3-BF4B-00C04F79EFBC}") = "JazMax.Core.Leads", "JazMax.Core.Leads\JazMax.Core.Leads.csproj", "{0B1E9020-73FA-45A5-AA65-1D0392220A99}"
EndProject
Project("{FAE04EC0-301F-11D3-BF4B-00C04F79EFBC}") = "JazMax.WebJob.LeadCommunication", "JazMax.WebJob.LeadCommunication\JazMax.WebJob.LeadCommunication.csproj", "{9A126DAA-BEE0-46FE-8469-05BBDDA0B9E7}"
EndProject
Project("{2150E333-8FDC-42A3-9474-1A3956D46DE8}") = "TestApps", "TestApps", "{E777A162-509B-4584-9D60-2DB3F8FD95B7}"
EndProject
Project("{FAE04EC0-301F-11D3-BF4B-00C04F79EFBC}") = "JazMax.Test.Leads", "JazMax.Test.Leads\JazMax.Test.Leads.csproj", "{B86C3AD7-B352-4755-A00D-ABDD63061DFE}"
EndProject
Project("{2150E333-8FDC-42A3-9474-1A3956D46DE8}") = "LeadServices", "LeadServices", "{A7C21F9E-8FBD-46BD-AA1C-937559813D45}"
EndProject
Project("{FAE04EC0-301F-11D3-BF4B-00C04F79EFBC}") = "JazMax.Win.LeadCore", "JazMax.Win.LeadCore\JazMax.Win.LeadCore.csproj", "{DF3AB4DE-9B62-4E00-94CB-80690EF881C3}"
EndProject
Project("{FAE04EC0-301F-11D3-BF4B-00C04F79EFBC}") = "JazMax.Win.LeadCommunication", "JazMax.Win.LeadCommunication\JazMax.Win.LeadCommunication.csproj", "{7D1B455B-7200-46A2-B261-2E651F67E4E3}"
EndProject
Project("{FAE04EC0-301F-11D3-BF4B-00C04F79EFBC}") = "JazMax.Win.MoveLeads", "JazMax.Win.MoveLeads\JazMax.Win.MoveLeads.csproj", "{CBEA53A3-A321-4D9A-B77C-4DD76BF03990}"
EndProject
Project("{2150E333-8FDC-42A3-9474-1A3956D46DE8}") = "Test", "Test", "{F56074CB-2067-46F5-A0F6-A91E86329EEA}"
EndProject
Project("{FAE04EC0-301F-11D3-BF4B-00C04F79EFBC}") = "JazMax.Test.Lead", "JazMax.Test.Lead\JazMax.Test.Lead.csproj", "{E4AA808D-8CB6-453B-9F6F-ED352CFDAD8A}"
EndProject
Project("{FAE04EC0-301F-11D3-BF4B-00C04F79EFBC}") = "JazMax.Core.Messenger", "JazMax.Core.Messenger\JazMax.Core.Messenger.csproj", "{6B4FFB94-9DA4-472A-8E00-527B24DE5A5D}"
EndProject
Project("{2150E333-8FDC-42A3-9474-1A3956D46DE8}") = "MessengerTriggerService", "MessengerTriggerService", "{07233A0B-CA24-4F6F-B6CD-02F0B281CD42}"
EndProject
Project("{FAE04EC0-301F-11D3-BF4B-00C04F79EFBC}") = "MessengerTriggerApp.Test", "MessengerTriggerApp.Test\MessengerTriggerApp.Test.csproj", "{A4FE269D-4774-4F23-8C55-70DB521CCDD8}"
EndProject
Project("{FAE04EC0-301F-11D3-BF4B-00C04F79EFBC}") = "JazMax.Core.Documents", "JazMax.Core.Documents\JazMax.Core.Documents.csproj", "{10FC44C0-59A8-4552-9971-B0E97785388E}"
EndProject
Project("{FAE04EC0-301F-11D3-BF4B-00C04F79EFBC}") = "JazMax.Core.Twilio", "JazMax.Core.Twilio\JazMax.Core.Twilio.csproj", "{935123CA-FDE9-452E-93FB-2F8280A68F63}"
EndProject
Project("{FAE04EC0-301F-11D3-BF4B-00C04F79EFBC}") = "JazMax.Win.NewMessenger", "JazMax.Win.NewMessenger\JazMax.Win.NewMessenger.csproj", "{7EA0B4A7-21AB-484A-8FF5-680D9F21479C}"
EndProject
Global
	GlobalSection(SolutionConfigurationPlatforms) = preSolution
		Debug|Any CPU = Debug|Any CPU
		Release|Any CPU = Release|Any CPU
	EndGlobalSection
	GlobalSection(ProjectConfigurationPlatforms) = postSolution
		{95D501FC-6E06-4A01-9887-94EA243B86DC}.Debug|Any CPU.ActiveCfg = Debug|Any CPU
		{95D501FC-6E06-4A01-9887-94EA243B86DC}.Debug|Any CPU.Build.0 = Debug|Any CPU
		{95D501FC-6E06-4A01-9887-94EA243B86DC}.Release|Any CPU.ActiveCfg = Release|Any CPU
		{95D501FC-6E06-4A01-9887-94EA243B86DC}.Release|Any CPU.Build.0 = Release|Any CPU
		{35CE0A7C-F975-4EEE-97D5-0F65932AB86E}.Debug|Any CPU.ActiveCfg = Debug|Any CPU
		{35CE0A7C-F975-4EEE-97D5-0F65932AB86E}.Debug|Any CPU.Build.0 = Debug|Any CPU
		{35CE0A7C-F975-4EEE-97D5-0F65932AB86E}.Release|Any CPU.ActiveCfg = Release|Any CPU
		{35CE0A7C-F975-4EEE-97D5-0F65932AB86E}.Release|Any CPU.Build.0 = Release|Any CPU
		{EBC8EB41-67F0-43CC-9760-15039CA7D307}.Debug|Any CPU.ActiveCfg = Debug|Any CPU
		{EBC8EB41-67F0-43CC-9760-15039CA7D307}.Debug|Any CPU.Build.0 = Debug|Any CPU
		{EBC8EB41-67F0-43CC-9760-15039CA7D307}.Release|Any CPU.ActiveCfg = Release|Any CPU
		{EBC8EB41-67F0-43CC-9760-15039CA7D307}.Release|Any CPU.Build.0 = Release|Any CPU
		{0977E2F0-63C0-42F0-A88F-9A3FF7875E93}.Debug|Any CPU.ActiveCfg = Debug|Any CPU
		{0977E2F0-63C0-42F0-A88F-9A3FF7875E93}.Debug|Any CPU.Build.0 = Debug|Any CPU
		{0977E2F0-63C0-42F0-A88F-9A3FF7875E93}.Release|Any CPU.ActiveCfg = Release|Any CPU
		{0977E2F0-63C0-42F0-A88F-9A3FF7875E93}.Release|Any CPU.Build.0 = Release|Any CPU
		{D2619F73-7496-418D-9CC7-80607B45F2EA}.Debug|Any CPU.ActiveCfg = Debug|Any CPU
		{D2619F73-7496-418D-9CC7-80607B45F2EA}.Debug|Any CPU.Build.0 = Debug|Any CPU
		{D2619F73-7496-418D-9CC7-80607B45F2EA}.Release|Any CPU.ActiveCfg = Release|Any CPU
		{D2619F73-7496-418D-9CC7-80607B45F2EA}.Release|Any CPU.Build.0 = Release|Any CPU
		{82FA27CF-5676-4490-B12E-025DBE4603E8}.Debug|Any CPU.ActiveCfg = Debug|Any CPU
		{82FA27CF-5676-4490-B12E-025DBE4603E8}.Debug|Any CPU.Build.0 = Debug|Any CPU
		{82FA27CF-5676-4490-B12E-025DBE4603E8}.Release|Any CPU.ActiveCfg = Release|Any CPU
		{82FA27CF-5676-4490-B12E-025DBE4603E8}.Release|Any CPU.Build.0 = Release|Any CPU
		{635A8B45-A7AD-47F7-9518-AB35F0C85D90}.Debug|Any CPU.ActiveCfg = Debug|Any CPU
		{635A8B45-A7AD-47F7-9518-AB35F0C85D90}.Debug|Any CPU.Build.0 = Debug|Any CPU
		{635A8B45-A7AD-47F7-9518-AB35F0C85D90}.Release|Any CPU.ActiveCfg = Release|Any CPU
		{635A8B45-A7AD-47F7-9518-AB35F0C85D90}.Release|Any CPU.Build.0 = Release|Any CPU
		{629737F1-F624-4835-9794-0727B8C4DC96}.Debug|Any CPU.ActiveCfg = Debug|Any CPU
		{629737F1-F624-4835-9794-0727B8C4DC96}.Debug|Any CPU.Build.0 = Debug|Any CPU
		{629737F1-F624-4835-9794-0727B8C4DC96}.Release|Any CPU.ActiveCfg = Release|Any CPU
		{629737F1-F624-4835-9794-0727B8C4DC96}.Release|Any CPU.Build.0 = Release|Any CPU
		{58E8F80B-4EF2-42D0-8742-5F9A28BA1636}.Debug|Any CPU.ActiveCfg = Debug|Any CPU
		{58E8F80B-4EF2-42D0-8742-5F9A28BA1636}.Debug|Any CPU.Build.0 = Debug|Any CPU
		{58E8F80B-4EF2-42D0-8742-5F9A28BA1636}.Release|Any CPU.ActiveCfg = Release|Any CPU
		{58E8F80B-4EF2-42D0-8742-5F9A28BA1636}.Release|Any CPU.Build.0 = Release|Any CPU
		{BD8AD510-1F40-4857-BB4C-88A1BAF32105}.Debug|Any CPU.ActiveCfg = Debug|Any CPU
		{BD8AD510-1F40-4857-BB4C-88A1BAF32105}.Debug|Any CPU.Build.0 = Debug|Any CPU
		{BD8AD510-1F40-4857-BB4C-88A1BAF32105}.Release|Any CPU.ActiveCfg = Release|Any CPU
		{BD8AD510-1F40-4857-BB4C-88A1BAF32105}.Release|Any CPU.Build.0 = Release|Any CPU
		{56839273-AA2E-43C4-88D3-3FFFBD4D21B4}.Debug|Any CPU.ActiveCfg = Debug|Any CPU
		{56839273-AA2E-43C4-88D3-3FFFBD4D21B4}.Debug|Any CPU.Build.0 = Debug|Any CPU
		{56839273-AA2E-43C4-88D3-3FFFBD4D21B4}.Release|Any CPU.ActiveCfg = Release|Any CPU
		{56839273-AA2E-43C4-88D3-3FFFBD4D21B4}.Release|Any CPU.Build.0 = Release|Any CPU
		{38742AB7-3266-42A8-8CEB-18464A43ED27}.Debug|Any CPU.ActiveCfg = Debug|Any CPU
		{38742AB7-3266-42A8-8CEB-18464A43ED27}.Debug|Any CPU.Build.0 = Debug|Any CPU
		{38742AB7-3266-42A8-8CEB-18464A43ED27}.Release|Any CPU.ActiveCfg = Release|Any CPU
		{38742AB7-3266-42A8-8CEB-18464A43ED27}.Release|Any CPU.Build.0 = Release|Any CPU
		{AE520EB6-D2CD-4503-8438-1629A720E8EB}.Debug|Any CPU.ActiveCfg = Debug|Any CPU
		{AE520EB6-D2CD-4503-8438-1629A720E8EB}.Debug|Any CPU.Build.0 = Debug|Any CPU
		{AE520EB6-D2CD-4503-8438-1629A720E8EB}.Release|Any CPU.ActiveCfg = Release|Any CPU
		{AE520EB6-D2CD-4503-8438-1629A720E8EB}.Release|Any CPU.Build.0 = Release|Any CPU
		{0672CE51-2F3B-4B48-916A-E4B10EDF202D}.Debug|Any CPU.ActiveCfg = Debug|Any CPU
		{0672CE51-2F3B-4B48-916A-E4B10EDF202D}.Debug|Any CPU.Build.0 = Debug|Any CPU
		{0672CE51-2F3B-4B48-916A-E4B10EDF202D}.Release|Any CPU.ActiveCfg = Release|Any CPU
		{0672CE51-2F3B-4B48-916A-E4B10EDF202D}.Release|Any CPU.Build.0 = Release|Any CPU
		{6020801F-0FBA-494C-B9B8-87B6613C61EB}.Debug|Any CPU.ActiveCfg = Debug|Any CPU
		{6020801F-0FBA-494C-B9B8-87B6613C61EB}.Debug|Any CPU.Build.0 = Debug|Any CPU
		{6020801F-0FBA-494C-B9B8-87B6613C61EB}.Release|Any CPU.ActiveCfg = Release|Any CPU
		{6020801F-0FBA-494C-B9B8-87B6613C61EB}.Release|Any CPU.Build.0 = Release|Any CPU
		{2B79F681-691B-4834-A614-BEFD6A8548E9}.Debug|Any CPU.ActiveCfg = Debug|Any CPU
		{2B79F681-691B-4834-A614-BEFD6A8548E9}.Debug|Any CPU.Build.0 = Debug|Any CPU
		{2B79F681-691B-4834-A614-BEFD6A8548E9}.Release|Any CPU.ActiveCfg = Release|Any CPU
		{2B79F681-691B-4834-A614-BEFD6A8548E9}.Release|Any CPU.Build.0 = Release|Any CPU
		{FE4D7BD5-3CF8-4B41-AD27-AE7500110AFC}.Debug|Any CPU.ActiveCfg = Debug|Any CPU
		{FE4D7BD5-3CF8-4B41-AD27-AE7500110AFC}.Debug|Any CPU.Build.0 = Debug|Any CPU
		{FE4D7BD5-3CF8-4B41-AD27-AE7500110AFC}.Release|Any CPU.ActiveCfg = Release|Any CPU
		{FE4D7BD5-3CF8-4B41-AD27-AE7500110AFC}.Release|Any CPU.Build.0 = Release|Any CPU
		{574405BB-BF3A-432D-AEEE-F27890EDFE29}.Debug|Any CPU.ActiveCfg = Debug|Any CPU
		{574405BB-BF3A-432D-AEEE-F27890EDFE29}.Debug|Any CPU.Build.0 = Debug|Any CPU
		{574405BB-BF3A-432D-AEEE-F27890EDFE29}.Release|Any CPU.ActiveCfg = Release|Any CPU
		{574405BB-BF3A-432D-AEEE-F27890EDFE29}.Release|Any CPU.Build.0 = Release|Any CPU
		{5CFEC0C8-ADD2-4D5A-B405-B19884659834}.Debug|Any CPU.ActiveCfg = Debug|Any CPU
		{5CFEC0C8-ADD2-4D5A-B405-B19884659834}.Debug|Any CPU.Build.0 = Debug|Any CPU
		{5CFEC0C8-ADD2-4D5A-B405-B19884659834}.Release|Any CPU.ActiveCfg = Release|Any CPU
		{5CFEC0C8-ADD2-4D5A-B405-B19884659834}.Release|Any CPU.Build.0 = Release|Any CPU
		{0B1E9020-73FA-45A5-AA65-1D0392220A99}.Debug|Any CPU.ActiveCfg = Debug|Any CPU
		{0B1E9020-73FA-45A5-AA65-1D0392220A99}.Debug|Any CPU.Build.0 = Debug|Any CPU
		{0B1E9020-73FA-45A5-AA65-1D0392220A99}.Release|Any CPU.ActiveCfg = Release|Any CPU
		{0B1E9020-73FA-45A5-AA65-1D0392220A99}.Release|Any CPU.Build.0 = Release|Any CPU
		{9A126DAA-BEE0-46FE-8469-05BBDDA0B9E7}.Debug|Any CPU.ActiveCfg = Debug|Any CPU
		{9A126DAA-BEE0-46FE-8469-05BBDDA0B9E7}.Debug|Any CPU.Build.0 = Debug|Any CPU
		{9A126DAA-BEE0-46FE-8469-05BBDDA0B9E7}.Release|Any CPU.ActiveCfg = Release|Any CPU
		{9A126DAA-BEE0-46FE-8469-05BBDDA0B9E7}.Release|Any CPU.Build.0 = Release|Any CPU
		{B86C3AD7-B352-4755-A00D-ABDD63061DFE}.Debug|Any CPU.ActiveCfg = Debug|Any CPU
		{B86C3AD7-B352-4755-A00D-ABDD63061DFE}.Debug|Any CPU.Build.0 = Debug|Any CPU
		{B86C3AD7-B352-4755-A00D-ABDD63061DFE}.Release|Any CPU.ActiveCfg = Release|Any CPU
		{B86C3AD7-B352-4755-A00D-ABDD63061DFE}.Release|Any CPU.Build.0 = Release|Any CPU
		{DF3AB4DE-9B62-4E00-94CB-80690EF881C3}.Debug|Any CPU.ActiveCfg = Debug|Any CPU
		{DF3AB4DE-9B62-4E00-94CB-80690EF881C3}.Debug|Any CPU.Build.0 = Debug|Any CPU
		{DF3AB4DE-9B62-4E00-94CB-80690EF881C3}.Release|Any CPU.ActiveCfg = Release|Any CPU
		{DF3AB4DE-9B62-4E00-94CB-80690EF881C3}.Release|Any CPU.Build.0 = Release|Any CPU
		{7D1B455B-7200-46A2-B261-2E651F67E4E3}.Debug|Any CPU.ActiveCfg = Debug|Any CPU
		{7D1B455B-7200-46A2-B261-2E651F67E4E3}.Debug|Any CPU.Build.0 = Debug|Any CPU
		{7D1B455B-7200-46A2-B261-2E651F67E4E3}.Release|Any CPU.ActiveCfg = Release|Any CPU
		{7D1B455B-7200-46A2-B261-2E651F67E4E3}.Release|Any CPU.Build.0 = Release|Any CPU
		{CBEA53A3-A321-4D9A-B77C-4DD76BF03990}.Debug|Any CPU.ActiveCfg = Debug|Any CPU
		{CBEA53A3-A321-4D9A-B77C-4DD76BF03990}.Debug|Any CPU.Build.0 = Debug|Any CPU
		{CBEA53A3-A321-4D9A-B77C-4DD76BF03990}.Release|Any CPU.ActiveCfg = Release|Any CPU
		{CBEA53A3-A321-4D9A-B77C-4DD76BF03990}.Release|Any CPU.Build.0 = Release|Any CPU
		{E4AA808D-8CB6-453B-9F6F-ED352CFDAD8A}.Debug|Any CPU.ActiveCfg = Debug|Any CPU
		{E4AA808D-8CB6-453B-9F6F-ED352CFDAD8A}.Debug|Any CPU.Build.0 = Debug|Any CPU
		{E4AA808D-8CB6-453B-9F6F-ED352CFDAD8A}.Release|Any CPU.ActiveCfg = Release|Any CPU
		{E4AA808D-8CB6-453B-9F6F-ED352CFDAD8A}.Release|Any CPU.Build.0 = Release|Any CPU
		{6B4FFB94-9DA4-472A-8E00-527B24DE5A5D}.Debug|Any CPU.ActiveCfg = Debug|Any CPU
		{6B4FFB94-9DA4-472A-8E00-527B24DE5A5D}.Debug|Any CPU.Build.0 = Debug|Any CPU
		{6B4FFB94-9DA4-472A-8E00-527B24DE5A5D}.Release|Any CPU.ActiveCfg = Release|Any CPU
		{6B4FFB94-9DA4-472A-8E00-527B24DE5A5D}.Release|Any CPU.Build.0 = Release|Any CPU
		{A4FE269D-4774-4F23-8C55-70DB521CCDD8}.Debug|Any CPU.ActiveCfg = Debug|Any CPU
		{A4FE269D-4774-4F23-8C55-70DB521CCDD8}.Debug|Any CPU.Build.0 = Debug|Any CPU
		{A4FE269D-4774-4F23-8C55-70DB521CCDD8}.Release|Any CPU.ActiveCfg = Release|Any CPU
		{A4FE269D-4774-4F23-8C55-70DB521CCDD8}.Release|Any CPU.Build.0 = Release|Any CPU
		{10FC44C0-59A8-4552-9971-B0E97785388E}.Debug|Any CPU.ActiveCfg = Debug|Any CPU
		{10FC44C0-59A8-4552-9971-B0E97785388E}.Debug|Any CPU.Build.0 = Debug|Any CPU
		{10FC44C0-59A8-4552-9971-B0E97785388E}.Release|Any CPU.ActiveCfg = Release|Any CPU
		{10FC44C0-59A8-4552-9971-B0E97785388E}.Release|Any CPU.Build.0 = Release|Any CPU
		{935123CA-FDE9-452E-93FB-2F8280A68F63}.Debug|Any CPU.ActiveCfg = Debug|Any CPU
		{935123CA-FDE9-452E-93FB-2F8280A68F63}.Debug|Any CPU.Build.0 = Debug|Any CPU
		{935123CA-FDE9-452E-93FB-2F8280A68F63}.Release|Any CPU.ActiveCfg = Release|Any CPU
		{935123CA-FDE9-452E-93FB-2F8280A68F63}.Release|Any CPU.Build.0 = Release|Any CPU
		{7EA0B4A7-21AB-484A-8FF5-680D9F21479C}.Debug|Any CPU.ActiveCfg = Debug|Any CPU
		{7EA0B4A7-21AB-484A-8FF5-680D9F21479C}.Debug|Any CPU.Build.0 = Debug|Any CPU
		{7EA0B4A7-21AB-484A-8FF5-680D9F21479C}.Release|Any CPU.ActiveCfg = Release|Any CPU
		{7EA0B4A7-21AB-484A-8FF5-680D9F21479C}.Release|Any CPU.Build.0 = Release|Any CPU
	EndGlobalSection
	GlobalSection(SolutionProperties) = preSolution
		HideSolutionNode = FALSE
	EndGlobalSection
	GlobalSection(NestedProjects) = preSolution
		{95D501FC-6E06-4A01-9887-94EA243B86DC} = {1DC10499-C8EA-4C39-8427-0EAEE4155DCF}
		{35CE0A7C-F975-4EEE-97D5-0F65932AB86E} = {CE3B07A8-C079-4C3F-95F3-4D5B5093E253}
		{EBC8EB41-67F0-43CC-9760-15039CA7D307} = {1DC10499-C8EA-4C39-8427-0EAEE4155DCF}
		{0977E2F0-63C0-42F0-A88F-9A3FF7875E93} = {320FF094-5D0F-4C04-B8E4-22BBA311AB30}
		{D2619F73-7496-418D-9CC7-80607B45F2EA} = {CE3B07A8-C079-4C3F-95F3-4D5B5093E253}
		{82FA27CF-5676-4490-B12E-025DBE4603E8} = {CE3B07A8-C079-4C3F-95F3-4D5B5093E253}
		{635A8B45-A7AD-47F7-9518-AB35F0C85D90} = {3BA96378-704F-4612-8C72-36857CB12027}
		{629737F1-F624-4835-9794-0727B8C4DC96} = {3BA96378-704F-4612-8C72-36857CB12027}
		{58E8F80B-4EF2-42D0-8742-5F9A28BA1636} = {D2F292EF-2D7F-42E1-8832-55AEE9F9212E}
		{BD8AD510-1F40-4857-BB4C-88A1BAF32105} = {D2F292EF-2D7F-42E1-8832-55AEE9F9212E}
		{D2F292EF-2D7F-42E1-8832-55AEE9F9212E} = {9796A00E-CCD7-408C-9382-3AED861568CB}
		{320FF094-5D0F-4C04-B8E4-22BBA311AB30} = {9796A00E-CCD7-408C-9382-3AED861568CB}
		{56839273-AA2E-43C4-88D3-3FFFBD4D21B4} = {D2F292EF-2D7F-42E1-8832-55AEE9F9212E}
		{38742AB7-3266-42A8-8CEB-18464A43ED27} = {901A1289-C707-465C-8999-64752598C36F}
		{901A1289-C707-465C-8999-64752598C36F} = {FCB91F1E-A973-434F-8A5E-75444500FD37}
		{AE520EB6-D2CD-4503-8438-1629A720E8EB} = {901A1289-C707-465C-8999-64752598C36F}
		{0672CE51-2F3B-4B48-916A-E4B10EDF202D} = {1DC10499-C8EA-4C39-8427-0EAEE4155DCF}
		{6020801F-0FBA-494C-B9B8-87B6613C61EB} = {5DE6E644-883C-425E-AC6F-1C019A8D3F51}
		{5DE6E644-883C-425E-AC6F-1C019A8D3F51} = {CE3B07A8-C079-4C3F-95F3-4D5B5093E253}
		{2B79F681-691B-4834-A614-BEFD6A8548E9} = {5DE6E644-883C-425E-AC6F-1C019A8D3F51}
		{FE4D7BD5-3CF8-4B41-AD27-AE7500110AFC} = {1DC10499-C8EA-4C39-8427-0EAEE4155DCF}
		{574405BB-BF3A-432D-AEEE-F27890EDFE29} = {1DC10499-C8EA-4C39-8427-0EAEE4155DCF}
		{2D6D667D-E636-4539-B9EE-4787A32F8936} = {9796A00E-CCD7-408C-9382-3AED861568CB}
		{5CFEC0C8-ADD2-4D5A-B405-B19884659834} = {2D6D667D-E636-4539-B9EE-4787A32F8936}
		{0B1E9020-73FA-45A5-AA65-1D0392220A99} = {1DC10499-C8EA-4C39-8427-0EAEE4155DCF}
		{9A126DAA-BEE0-46FE-8469-05BBDDA0B9E7} = {D2F292EF-2D7F-42E1-8832-55AEE9F9212E}
		{E777A162-509B-4584-9D60-2DB3F8FD95B7} = {D2F292EF-2D7F-42E1-8832-55AEE9F9212E}
		{B86C3AD7-B352-4755-A00D-ABDD63061DFE} = {E777A162-509B-4584-9D60-2DB3F8FD95B7}
		{A7C21F9E-8FBD-46BD-AA1C-937559813D45} = {FCB91F1E-A973-434F-8A5E-75444500FD37}
		{DF3AB4DE-9B62-4E00-94CB-80690EF881C3} = {A7C21F9E-8FBD-46BD-AA1C-937559813D45}
		{7D1B455B-7200-46A2-B261-2E651F67E4E3} = {A7C21F9E-8FBD-46BD-AA1C-937559813D45}
		{CBEA53A3-A321-4D9A-B77C-4DD76BF03990} = {A7C21F9E-8FBD-46BD-AA1C-937559813D45}
		{F56074CB-2067-46F5-A0F6-A91E86329EEA} = {A7C21F9E-8FBD-46BD-AA1C-937559813D45}
		{E4AA808D-8CB6-453B-9F6F-ED352CFDAD8A} = {F56074CB-2067-46F5-A0F6-A91E86329EEA}
		{6B4FFB94-9DA4-472A-8E00-527B24DE5A5D} = {1DC10499-C8EA-4C39-8427-0EAEE4155DCF}
		{07233A0B-CA24-4F6F-B6CD-02F0B281CD42} = {FCB91F1E-A973-434F-8A5E-75444500FD37}
		{A4FE269D-4774-4F23-8C55-70DB521CCDD8} = {07233A0B-CA24-4F6F-B6CD-02F0B281CD42}
		{10FC44C0-59A8-4552-9971-B0E97785388E} = {1DC10499-C8EA-4C39-8427-0EAEE4155DCF}
		{935123CA-FDE9-452E-93FB-2F8280A68F63} = {1DC10499-C8EA-4C39-8427-0EAEE4155DCF}
		{7EA0B4A7-21AB-484A-8FF5-680D9F21479C} = {901A1289-C707-465C-8999-64752598C36F}
	EndGlobalSection
EndGlobal
